
Microsoft Visual Studio Solution File, Format Version 12.00
# Visual Studio Version 17
VisualStudioVersion = 17.12.35707.178
MinimumVisualStudioVersion = 10.0.40219.1
Project("{9A19103F-16F7-4668-BE54-9A1E7A4F7556}") = "ADO NET 01. SqlConnection, SqlDataReader", "ADO NET 01. SqlConnection, SqlDataReader\ADO NET 01. SqlConnection, SqlDataReader.csproj", "{4D6119DA-CF24-4084-91BA-6983177EE167}"
EndProject
Project("{2150E333-8FDC-42A3-9474-1A3956D46DE8}") = "ADO NET 01", "ADO NET 01", "{37A5C011-9D6E-4B93-87AB-AE67C314B887}"
EndProject
Project("{9A19103F-16F7-4668-BE54-9A1E7A4F7556}") = "ADO NET 01. Sql Read Data", "ADO NET 01. Sql Read Data\ADO NET 01. Sql Read Data.csproj", "{CB8CD2BE-ADA8-430E-9DA9-D3C718AB07F1}"
EndProject
Project("{2150E333-8FDC-42A3-9474-1A3956D46DE8}") = "ADO NET 02", "ADO NET 02", "{36C2DDA8-625A-40B4-842E-C0A271ACD3A9}"
EndProject
Project("{9A19103F-16F7-4668-BE54-9A1E7A4F7556}") = "ADO NET 02. Configuration file", "ADO NET 02. Configuration file\ADO NET 02. Configuration file.csproj", "{8C066E4A-B35B-4A3E-8AE0-47FAFE7C52E7}"
EndProject
Project("{9A19103F-16F7-4668-BE54-9A1E7A4F7556}") = "ADO NET 02. Multi Query", "ADO NET 02. Multi Query\ADO NET 02. Multi Query.csproj", "{6B723BD3-9110-4B82-80DD-841D3CDECDFF}"
EndProject
Project("{9A19103F-16F7-4668-BE54-9A1E7A4F7556}") = "ADO NET 02. Parametrized query", "ADO NET 02. Parametrized query\ADO NET 02. Parametrized query.csproj", "{45EF4989-F9F5-4189-907F-5A95FF11BD59}"
EndProject
Project("{9A19103F-16F7-4668-BE54-9A1E7A4F7556}") = "ADO NET 02. Stored procedure execute", "ADO NET 02. Stored procedure execute\ADO NET 02. Stored procedure execute.csproj", "{2D9F3764-C780-49CD-AF0E-AB1E74A4C9F7}"
EndProject
Project("{2150E333-8FDC-42A3-9474-1A3956D46DE8}") = "ADO NET 03", "ADO NET 03", "{C454E191-521F-4C4D-B4D8-2F0923E02992}"
EndProject
Project("{9A19103F-16F7-4668-BE54-9A1E7A4F7556}") = "ADO NET 03. Entity intro", "ADO NET 03. Entity intro\ADO NET 03. Entity intro.csproj", "{E2979370-5051-4ECF-9CA5-1BAC9E72977B}"
EndProject
Project("{9A19103F-16F7-4668-BE54-9A1E7A4F7556}") = "ADO NET 03. Database First", "ADO NET 03. Database First\ADO NET 03. Database First.csproj", "{D49BE549-41BE-4373-A175-E50817518FA1}"
EndProject
Project("{9A19103F-16F7-4668-BE54-9A1E7A4F7556}") = "ADO NET 03. Database First Scaffolding", "ADO NET 03. Database First Scaffolding\ADO NET 03. Database First Scaffolding.csproj", "{DC6142D3-C0E5-44DD-89BC-F7D9D65C73D9}"
EndProject
Project("{9A19103F-16F7-4668-BE54-9A1E7A4F7556}") = "ADO NET 03. LINQ For Entity", "ADO NET 03. LINQ For Entity\ADO NET 03. LINQ For Entity.csproj", "{E76D365D-7C2A-4DB2-A906-66A0FA8698C2}"
EndProject
Project("{2150E333-8FDC-42A3-9474-1A3956D46DE8}") = "ADO NET 04", "ADO NET 04", "{BBCD8552-78FF-43C8-AA22-7F2FBADE0422}"
EndProject
Project("{9A19103F-16F7-4668-BE54-9A1E7A4F7556}") = "ADO NET 04. Code First. One to One", "ADO NET 04. Code First. One to One\ADO NET 04. Code First. One to One.csproj", "{D58B6F11-BF89-44B4-BCB2-8DC700782E2A}"
EndProject
Project("{9A19103F-16F7-4668-BE54-9A1E7A4F7556}") = "ADO NET 04. CodeFirst. One To Many", "ADO NET 04. CodeFirst. One To Many\ADO NET 04. CodeFirst. One To Many.csproj", "{A1BCE275-D332-4A78-9E8E-05FADEB83F81}"
EndProject
Project("{9A19103F-16F7-4668-BE54-9A1E7A4F7556}") = "ADO NET 05. CodeFirst. Many To Many", "ADO NET 05. CodeFirst. Many To Many\ADO NET 05. CodeFirst. Many To Many.csproj", "{C5E497EA-5F5C-4E1A-A938-0E3766F3531C}"
EndProject
Project("{2150E333-8FDC-42A3-9474-1A3956D46DE8}") = "ADO NET 05", "ADO NET 05", "{F2AA21DE-9571-4FA8-B902-C4156BD8BE52}"
EndProject
Project("{9A19103F-16F7-4668-BE54-9A1E7A4F7556}") = "ADO NET 05. MSSQL VS C# Datatypes", "ADO NET 05. MASSQL VS C# Datatypes\ADO NET 05. MSSQL VS C# Datatypes.csproj", "{B7BF38F7-07DD-4677-B764-ABEC29D1A085}"
EndProject
Project("{9A19103F-16F7-4668-BE54-9A1E7A4F7556}") = "ADO NET 05. Annotations", "ADO NET 05. Annotations\ADO NET 05. Annotations.csproj", "{948C0BC3-4BF5-4D0E-98AC-26A58053A86E}"
EndProject
Project("{9A19103F-16F7-4668-BE54-9A1E7A4F7556}") = "ADO NET 05. Fluent API", "ADO NET 05. Fluent API\ADO NET 05. Fluent API.csproj", "{10BED4AA-A238-4E7D-A744-1D485FDA0DDD}"
EndProject
Project("{2150E333-8FDC-42A3-9474-1A3956D46DE8}") = "ADO NET 06", "ADO NET 06", "{DB29F8C4-71F9-4449-8E2D-EF7890D30F46}"
EndProject
Project("{9A19103F-16F7-4668-BE54-9A1E7A4F7556}") = "ADO NET 06. Migrations", "ADO NET 06. Migrations\ADO NET 06. Migrations.csproj", "{AFE16D8E-7077-42BD-9DD6-787D04299F0F}"
EndProject
Project("{FAE04EC0-301F-11D3-BF4B-00C04F79EFBC}") = "ADO NET 06. Loadings. Eager loading", "ADO NET 06. Loadings. Eager loading\ADO NET 06. Loadings. Eager loading.csproj", "{1366E90F-9DF5-4E89-B9E9-C12DBB770888}"
EndProject
Global
	GlobalSection(SolutionConfigurationPlatforms) = preSolution
		Debug|Any CPU = Debug|Any CPU
		Release|Any CPU = Release|Any CPU
	EndGlobalSection
	GlobalSection(ProjectConfigurationPlatforms) = postSolution
		{4D6119DA-CF24-4084-91BA-6983177EE167}.Debug|Any CPU.ActiveCfg = Debug|Any CPU
		{4D6119DA-CF24-4084-91BA-6983177EE167}.Debug|Any CPU.Build.0 = Debug|Any CPU
		{4D6119DA-CF24-4084-91BA-6983177EE167}.Release|Any CPU.ActiveCfg = Release|Any CPU
		{4D6119DA-CF24-4084-91BA-6983177EE167}.Release|Any CPU.Build.0 = Release|Any CPU
		{CB8CD2BE-ADA8-430E-9DA9-D3C718AB07F1}.Debug|Any CPU.ActiveCfg = Debug|Any CPU
		{CB8CD2BE-ADA8-430E-9DA9-D3C718AB07F1}.Debug|Any CPU.Build.0 = Debug|Any CPU
		{CB8CD2BE-ADA8-430E-9DA9-D3C718AB07F1}.Release|Any CPU.ActiveCfg = Release|Any CPU
		{CB8CD2BE-ADA8-430E-9DA9-D3C718AB07F1}.Release|Any CPU.Build.0 = Release|Any CPU
		{8C066E4A-B35B-4A3E-8AE0-47FAFE7C52E7}.Debug|Any CPU.ActiveCfg = Debug|Any CPU
		{8C066E4A-B35B-4A3E-8AE0-47FAFE7C52E7}.Debug|Any CPU.Build.0 = Debug|Any CPU
		{8C066E4A-B35B-4A3E-8AE0-47FAFE7C52E7}.Release|Any CPU.ActiveCfg = Release|Any CPU
		{8C066E4A-B35B-4A3E-8AE0-47FAFE7C52E7}.Release|Any CPU.Build.0 = Release|Any CPU
		{6B723BD3-9110-4B82-80DD-841D3CDECDFF}.Debug|Any CPU.ActiveCfg = Debug|Any CPU
		{6B723BD3-9110-4B82-80DD-841D3CDECDFF}.Debug|Any CPU.Build.0 = Debug|Any CPU
		{6B723BD3-9110-4B82-80DD-841D3CDECDFF}.Release|Any CPU.ActiveCfg = Release|Any CPU
		{6B723BD3-9110-4B82-80DD-841D3CDECDFF}.Release|Any CPU.Build.0 = Release|Any CPU
		{45EF4989-F9F5-4189-907F-5A95FF11BD59}.Debug|Any CPU.ActiveCfg = Debug|Any CPU
		{45EF4989-F9F5-4189-907F-5A95FF11BD59}.Debug|Any CPU.Build.0 = Debug|Any CPU
		{45EF4989-F9F5-4189-907F-5A95FF11BD59}.Release|Any CPU.ActiveCfg = Release|Any CPU
		{45EF4989-F9F5-4189-907F-5A95FF11BD59}.Release|Any CPU.Build.0 = Release|Any CPU
		{2D9F3764-C780-49CD-AF0E-AB1E74A4C9F7}.Debug|Any CPU.ActiveCfg = Debug|Any CPU
		{2D9F3764-C780-49CD-AF0E-AB1E74A4C9F7}.Debug|Any CPU.Build.0 = Debug|Any CPU
		{2D9F3764-C780-49CD-AF0E-AB1E74A4C9F7}.Release|Any CPU.ActiveCfg = Release|Any CPU
		{2D9F3764-C780-49CD-AF0E-AB1E74A4C9F7}.Release|Any CPU.Build.0 = Release|Any CPU
		{E2979370-5051-4ECF-9CA5-1BAC9E72977B}.Debug|Any CPU.ActiveCfg = Debug|Any CPU
		{E2979370-5051-4ECF-9CA5-1BAC9E72977B}.Debug|Any CPU.Build.0 = Debug|Any CPU
		{E2979370-5051-4ECF-9CA5-1BAC9E72977B}.Release|Any CPU.ActiveCfg = Release|Any CPU
		{E2979370-5051-4ECF-9CA5-1BAC9E72977B}.Release|Any CPU.Build.0 = Release|Any CPU
		{D49BE549-41BE-4373-A175-E50817518FA1}.Debug|Any CPU.ActiveCfg = Debug|Any CPU
		{D49BE549-41BE-4373-A175-E50817518FA1}.Debug|Any CPU.Build.0 = Debug|Any CPU
		{D49BE549-41BE-4373-A175-E50817518FA1}.Release|Any CPU.ActiveCfg = Release|Any CPU
		{D49BE549-41BE-4373-A175-E50817518FA1}.Release|Any CPU.Build.0 = Release|Any CPU
		{DC6142D3-C0E5-44DD-89BC-F7D9D65C73D9}.Debug|Any CPU.ActiveCfg = Debug|Any CPU
		{DC6142D3-C0E5-44DD-89BC-F7D9D65C73D9}.Debug|Any CPU.Build.0 = Debug|Any CPU
		{DC6142D3-C0E5-44DD-89BC-F7D9D65C73D9}.Release|Any CPU.ActiveCfg = Release|Any CPU
		{DC6142D3-C0E5-44DD-89BC-F7D9D65C73D9}.Release|Any CPU.Build.0 = Release|Any CPU
		{E76D365D-7C2A-4DB2-A906-66A0FA8698C2}.Debug|Any CPU.ActiveCfg = Debug|Any CPU
		{E76D365D-7C2A-4DB2-A906-66A0FA8698C2}.Debug|Any CPU.Build.0 = Debug|Any CPU
		{E76D365D-7C2A-4DB2-A906-66A0FA8698C2}.Release|Any CPU.ActiveCfg = Release|Any CPU
		{E76D365D-7C2A-4DB2-A906-66A0FA8698C2}.Release|Any CPU.Build.0 = Release|Any CPU
		{D58B6F11-BF89-44B4-BCB2-8DC700782E2A}.Debug|Any CPU.ActiveCfg = Debug|Any CPU
		{D58B6F11-BF89-44B4-BCB2-8DC700782E2A}.Debug|Any CPU.Build.0 = Debug|Any CPU
		{D58B6F11-BF89-44B4-BCB2-8DC700782E2A}.Release|Any CPU.ActiveCfg = Release|Any CPU
		{D58B6F11-BF89-44B4-BCB2-8DC700782E2A}.Release|Any CPU.Build.0 = Release|Any CPU
		{A1BCE275-D332-4A78-9E8E-05FADEB83F81}.Debug|Any CPU.ActiveCfg = Debug|Any CPU
		{A1BCE275-D332-4A78-9E8E-05FADEB83F81}.Debug|Any CPU.Build.0 = Debug|Any CPU
		{A1BCE275-D332-4A78-9E8E-05FADEB83F81}.Release|Any CPU.ActiveCfg = Release|Any CPU
		{A1BCE275-D332-4A78-9E8E-05FADEB83F81}.Release|Any CPU.Build.0 = Release|Any CPU
		{C5E497EA-5F5C-4E1A-A938-0E3766F3531C}.Debug|Any CPU.ActiveCfg = Debug|Any CPU
		{C5E497EA-5F5C-4E1A-A938-0E3766F3531C}.Debug|Any CPU.Build.0 = Debug|Any CPU
		{C5E497EA-5F5C-4E1A-A938-0E3766F3531C}.Release|Any CPU.ActiveCfg = Release|Any CPU
		{C5E497EA-5F5C-4E1A-A938-0E3766F3531C}.Release|Any CPU.Build.0 = Release|Any CPU
		{B7BF38F7-07DD-4677-B764-ABEC29D1A085}.Debug|Any CPU.ActiveCfg = Debug|Any CPU
		{B7BF38F7-07DD-4677-B764-ABEC29D1A085}.Debug|Any CPU.Build.0 = Debug|Any CPU
		{B7BF38F7-07DD-4677-B764-ABEC29D1A085}.Release|Any CPU.ActiveCfg = Release|Any CPU
		{B7BF38F7-07DD-4677-B764-ABEC29D1A085}.Release|Any CPU.Build.0 = Release|Any CPU
		{948C0BC3-4BF5-4D0E-98AC-26A58053A86E}.Debug|Any CPU.ActiveCfg = Debug|Any CPU
		{948C0BC3-4BF5-4D0E-98AC-26A58053A86E}.Debug|Any CPU.Build.0 = Debug|Any CPU
		{948C0BC3-4BF5-4D0E-98AC-26A58053A86E}.Release|Any CPU.ActiveCfg = Release|Any CPU
		{948C0BC3-4BF5-4D0E-98AC-26A58053A86E}.Release|Any CPU.Build.0 = Release|Any CPU
		{10BED4AA-A238-4E7D-A744-1D485FDA0DDD}.Debug|Any CPU.ActiveCfg = Debug|Any CPU
		{10BED4AA-A238-4E7D-A744-1D485FDA0DDD}.Debug|Any CPU.Build.0 = Debug|Any CPU
		{10BED4AA-A238-4E7D-A744-1D485FDA0DDD}.Release|Any CPU.ActiveCfg = Release|Any CPU
		{10BED4AA-A238-4E7D-A744-1D485FDA0DDD}.Release|Any CPU.Build.0 = Release|Any CPU
		{AFE16D8E-7077-42BD-9DD6-787D04299F0F}.Debug|Any CPU.ActiveCfg = Debug|Any CPU
		{AFE16D8E-7077-42BD-9DD6-787D04299F0F}.Debug|Any CPU.Build.0 = Debug|Any CPU
		{AFE16D8E-7077-42BD-9DD6-787D04299F0F}.Release|Any CPU.ActiveCfg = Release|Any CPU
		{AFE16D8E-7077-42BD-9DD6-787D04299F0F}.Release|Any CPU.Build.0 = Release|Any CPU
		{1366E90F-9DF5-4E89-B9E9-C12DBB770888}.Debug|Any CPU.ActiveCfg = Debug|Any CPU
		{1366E90F-9DF5-4E89-B9E9-C12DBB770888}.Debug|Any CPU.Build.0 = Debug|Any CPU
		{1366E90F-9DF5-4E89-B9E9-C12DBB770888}.Release|Any CPU.ActiveCfg = Release|Any CPU
		{1366E90F-9DF5-4E89-B9E9-C12DBB770888}.Release|Any CPU.Build.0 = Release|Any CPU
	EndGlobalSection
	GlobalSection(SolutionProperties) = preSolution
		HideSolutionNode = FALSE
	EndGlobalSection
	GlobalSection(NestedProjects) = preSolution
		{4D6119DA-CF24-4084-91BA-6983177EE167} = {37A5C011-9D6E-4B93-87AB-AE67C314B887}
		{CB8CD2BE-ADA8-430E-9DA9-D3C718AB07F1} = {37A5C011-9D6E-4B93-87AB-AE67C314B887}
		{8C066E4A-B35B-4A3E-8AE0-47FAFE7C52E7} = {36C2DDA8-625A-40B4-842E-C0A271ACD3A9}
		{6B723BD3-9110-4B82-80DD-841D3CDECDFF} = {36C2DDA8-625A-40B4-842E-C0A271ACD3A9}
		{45EF4989-F9F5-4189-907F-5A95FF11BD59} = {36C2DDA8-625A-40B4-842E-C0A271ACD3A9}
		{2D9F3764-C780-49CD-AF0E-AB1E74A4C9F7} = {36C2DDA8-625A-40B4-842E-C0A271ACD3A9}
		{E2979370-5051-4ECF-9CA5-1BAC9E72977B} = {C454E191-521F-4C4D-B4D8-2F0923E02992}
		{D49BE549-41BE-4373-A175-E50817518FA1} = {C454E191-521F-4C4D-B4D8-2F0923E02992}
		{DC6142D3-C0E5-44DD-89BC-F7D9D65C73D9} = {C454E191-521F-4C4D-B4D8-2F0923E02992}
		{E76D365D-7C2A-4DB2-A906-66A0FA8698C2} = {C454E191-521F-4C4D-B4D8-2F0923E02992}
		{D58B6F11-BF89-44B4-BCB2-8DC700782E2A} = {BBCD8552-78FF-43C8-AA22-7F2FBADE0422}
		{A1BCE275-D332-4A78-9E8E-05FADEB83F81} = {BBCD8552-78FF-43C8-AA22-7F2FBADE0422}
		{C5E497EA-5F5C-4E1A-A938-0E3766F3531C} = {BBCD8552-78FF-43C8-AA22-7F2FBADE0422}
		{B7BF38F7-07DD-4677-B764-ABEC29D1A085} = {F2AA21DE-9571-4FA8-B902-C4156BD8BE52}
		{948C0BC3-4BF5-4D0E-98AC-26A58053A86E} = {F2AA21DE-9571-4FA8-B902-C4156BD8BE52}
		{10BED4AA-A238-4E7D-A744-1D485FDA0DDD} = {F2AA21DE-9571-4FA8-B902-C4156BD8BE52}
		{AFE16D8E-7077-42BD-9DD6-787D04299F0F} = {DB29F8C4-71F9-4449-8E2D-EF7890D30F46}
		{1366E90F-9DF5-4E89-B9E9-C12DBB770888} = {DB29F8C4-71F9-4449-8E2D-EF7890D30F46}
	EndGlobalSection
	GlobalSection(ExtensibilityGlobals) = postSolution
		SolutionGuid = {A6346978-2787-4413-8CBA-239ED4C6FBB7}
	EndGlobalSection
EndGlobal
